// !$*UTF8*$!
{
	archiveVersion = 1;
	classes = {
	};
	objectVersion = 46;
	objects = {

/* Begin PBXBuildFile section */
		1B121B441D0118DC00794FB0 /* AppDelegate.swift in Sources */ = {isa = PBXBuildFile; fileRef = 1B121B431D0118DC00794FB0 /* AppDelegate.swift */; };
		1B121B461D0118DC00794FB0 /* ViewController.swift in Sources */ = {isa = PBXBuildFile; fileRef = 1B121B451D0118DC00794FB0 /* ViewController.swift */; };
		1B121B491D0118DC00794FB0 /* Main.storyboard in Resources */ = {isa = PBXBuildFile; fileRef = 1B121B471D0118DC00794FB0 /* Main.storyboard */; };
		1B121B4B1D0118DC00794FB0 /* Assets.xcassets in Resources */ = {isa = PBXBuildFile; fileRef = 1B121B4A1D0118DC00794FB0 /* Assets.xcassets */; };
		1B121B4E1D0118DC00794FB0 /* LaunchScreen.storyboard in Resources */ = {isa = PBXBuildFile; fileRef = 1B121B4C1D0118DC00794FB0 /* LaunchScreen.storyboard */; };
		1B121B591D0118DC00794FB0 /* sampleActionSheetTests.swift in Sources */ = {isa = PBXBuildFile; fileRef = 1B121B581D0118DC00794FB0 /* sampleActionSheetTests.swift */; };
		1B121B641D0118DC00794FB0 /* sampleActionSheetUITests.swift in Sources */ = {isa = PBXBuildFile; fileRef = 1B121B631D0118DC00794FB0 /* sampleActionSheetUITests.swift */; };
/* End PBXBuildFile section */

/* Begin PBXContainerItemProxy section */
		1B121B551D0118DC00794FB0 /* PBXContainerItemProxy */ = {
			isa = PBXContainerItemProxy;
			containerPortal = 1B121B381D0118DC00794FB0 /* Project object */;
			proxyType = 1;
			remoteGlobalIDString = 1B121B3F1D0118DC00794FB0;
			remoteInfo = sampleActionSheet;
		};
		1B121B601D0118DC00794FB0 /* PBXContainerItemProxy */ = {
			isa = PBXContainerItemProxy;
			containerPortal = 1B121B381D0118DC00794FB0 /* Project object */;
			proxyType = 1;
			remoteGlobalIDString = 1B121B3F1D0118DC00794FB0;
			remoteInfo = sampleActionSheet;
		};
/* End PBXContainerItemProxy section */

/* Begin PBXFileReference section */
		1B121B401D0118DC00794FB0 /* sampleActionSheet.app */ = {isa = PBXFileReference; explicitFileType = wrapper.application; includeInIndex = 0; path = sampleActionSheet.app; sourceTree = BUILT_PRODUCTS_DIR; };
		1B121B431D0118DC00794FB0 /* AppDelegate.swift */ = {isa = PBXFileReference; lastKnownFileType = sourcecode.swift; path = AppDelegate.swift; sourceTree = "<group>"; };
		1B121B451D0118DC00794FB0 /* ViewController.swift */ = {isa = PBXFileReference; lastKnownFileType = sourcecode.swift; path = ViewController.swift; sourceTree = "<group>"; };
		1B121B481D0118DC00794FB0 /* Base */ = {isa = PBXFileReference; lastKnownFileType = file.storyboard; name = Base; path = Base.lproj/Main.storyboard; sourceTree = "<group>"; };
		1B121B4A1D0118DC00794FB0 /* Assets.xcassets */ = {isa = PBXFileReference; lastKnownFileType = folder.assetcatalog; path = Assets.xcassets; sourceTree = "<group>"; };
		1B121B4D1D0118DC00794FB0 /* Base */ = {isa = PBXFileReference; lastKnownFileType = file.storyboard; name = Base; path = Base.lproj/LaunchScreen.storyboard; sourceTree = "<group>"; };
		1B121B4F1D0118DC00794FB0 /* Info.plist */ = {isa = PBXFileReference; lastKnownFileType = text.plist.xml; path = Info.plist; sourceTree = "<group>"; };
		1B121B541D0118DC00794FB0 /* sampleActionSheetTests.xctest */ = {isa = PBXFileReference; explicitFileType = wrapper.cfbundle; includeInIndex = 0; path = sampleActionSheetTests.xctest; sourceTree = BUILT_PRODUCTS_DIR; };
		1B121B581D0118DC00794FB0 /* sampleActionSheetTests.swift */ = {isa = PBXFileReference; lastKnownFileType = sourcecode.swift; path = sampleActionSheetTests.swift; sourceTree = "<group>"; };
		1B121B5A1D0118DC00794FB0 /* Info.plist */ = {isa = PBXFileReference; lastKnownFileType = text.plist.xml; path = Info.plist; sourceTree = "<group>"; };
		1B121B5F1D0118DC00794FB0 /* sampleActionSheetUITests.xctest */ = {isa = PBXFileReference; explicitFileType = wrapper.cfbundle; includeInIndex = 0; path = sampleActionSheetUITests.xctest; sourceTree = BUILT_PRODUCTS_DIR; };
		1B121B631D0118DC00794FB0 /* sampleActionSheetUITests.swift */ = {isa = PBXFileReference; lastKnownFileType = sourcecode.swift; path = sampleActionSheetUITests.swift; sourceTree = "<group>"; };
		1B121B651D0118DC00794FB0 /* Info.plist */ = {isa = PBXFileReference; lastKnownFileType = text.plist.xml; path = Info.plist; sourceTree = "<group>"; };
/* End PBXFileReference section */

/* Begin PBXFrameworksBuildPhase section */
		1B121B3D1D0118DC00794FB0 /* Frameworks */ = {
			isa = PBXFrameworksBuildPhase;
			buildActionMask = 2147483647;
			files = (
			);
			runOnlyForDeploymentPostprocessing = 0;
		};
		1B121B511D0118DC00794FB0 /* Frameworks */ = {
			isa = PBXFrameworksBuildPhase;
			buildActionMask = 2147483647;
			files = (
			);
			runOnlyForDeploymentPostprocessing = 0;
		};
		1B121B5C1D0118DC00794FB0 /* Frameworks */ = {
			isa = PBXFrameworksBuildPhase;
			buildActionMask = 2147483647;
			files = (
			);
			runOnlyForDeploymentPostprocessing = 0;
		};
/* End PBXFrameworksBuildPhase section */

/* Begin PBXGroup section */
		1B121B371D0118DC00794FB0 = {
			isa = PBXGroup;
			children = (
				1B121B421D0118DC00794FB0 /* sampleActionSheet */,
				1B121B571D0118DC00794FB0 /* sampleActionSheetTests */,
				1B121B621D0118DC00794FB0 /* sampleActionSheetUITests */,
				1B121B411D0118DC00794FB0 /* Products */,
			);
			sourceTree = "<group>";
		};
		1B121B411D0118DC00794FB0 /* Products */ = {
			isa = PBXGroup;
			children = (
				1B121B401D0118DC00794FB0 /* sampleActionSheet.app */,
				1B121B541D0118DC00794FB0 /* sampleActionSheetTests.xctest */,
				1B121B5F1D0118DC00794FB0 /* sampleActionSheetUITests.xctest */,
			);
			name = Products;
			sourceTree = "<group>";
		};
		1B121B421D0118DC00794FB0 /* sampleActionSheet */ = {
			isa = PBXGroup;
			children = (
				1B121B431D0118DC00794FB0 /* AppDelegate.swift */,
				1B121B451D0118DC00794FB0 /* ViewController.swift */,
				1B121B471D0118DC00794FB0 /* Main.storyboard */,
				1B121B4A1D0118DC00794FB0 /* Assets.xcassets */,
				1B121B4C1D0118DC00794FB0 /* LaunchScreen.storyboard */,
				1B121B4F1D0118DC00794FB0 /* Info.plist */,
			);
			path = sampleActionSheet;
			sourceTree = "<group>";
		};
		1B121B571D0118DC00794FB0 /* sampleActionSheetTests */ = {
			isa = PBXGroup;
			children = (
				1B121B581D0118DC00794FB0 /* sampleActionSheetTests.swift */,
				1B121B5A1D0118DC00794FB0 /* Info.plist */,
			);
			path = sampleActionSheetTests;
			sourceTree = "<group>";
		};
		1B121B621D0118DC00794FB0 /* sampleActionSheetUITests */ = {
			isa = PBXGroup;
			children = (
				1B121B631D0118DC00794FB0 /* sampleActionSheetUITests.swift */,
				1B121B651D0118DC00794FB0 /* Info.plist */,
			);
			path = sampleActionSheetUITests;
			sourceTree = "<group>";
		};
/* End PBXGroup section */

/* Begin PBXNativeTarget section */
		1B121B3F1D0118DC00794FB0 /* sampleActionSheet */ = {
			isa = PBXNativeTarget;
			buildConfigurationList = 1B121B681D0118DC00794FB0 /* Build configuration list for PBXNativeTarget "sampleActionSheet" */;
			buildPhases = (
				1B121B3C1D0118DC00794FB0 /* Sources */,
				1B121B3D1D0118DC00794FB0 /* Frameworks */,
				1B121B3E1D0118DC00794FB0 /* Resources */,
			);
			buildRules = (
			);
			dependencies = (
			);
			name = sampleActionSheet;
			productName = sampleActionSheet;
			productReference = 1B121B401D0118DC00794FB0 /* sampleActionSheet.app */;
			productType = "com.apple.product-type.application";
		};
		1B121B531D0118DC00794FB0 /* sampleActionSheetTests */ = {
			isa = PBXNativeTarget;
			buildConfigurationList = 1B121B6B1D0118DC00794FB0 /* Build configuration list for PBXNativeTarget "sampleActionSheetTests" */;
			buildPhases = (
				1B121B501D0118DC00794FB0 /* Sources */,
				1B121B511D0118DC00794FB0 /* Frameworks */,
				1B121B521D0118DC00794FB0 /* Resources */,
			);
			buildRules = (
			);
			dependencies = (
				1B121B561D0118DC00794FB0 /* PBXTargetDependency */,
			);
			name = sampleActionSheetTests;
			productName = sampleActionSheetTests;
			productReference = 1B121B541D0118DC00794FB0 /* sampleActionSheetTests.xctest */;
			productType = "com.apple.product-type.bundle.unit-test";
		};
		1B121B5E1D0118DC00794FB0 /* sampleActionSheetUITests */ = {
			isa = PBXNativeTarget;
			buildConfigurationList = 1B121B6E1D0118DC00794FB0 /* Build configuration list for PBXNativeTarget "sampleActionSheetUITests" */;
			buildPhases = (
				1B121B5B1D0118DC00794FB0 /* Sources */,
				1B121B5C1D0118DC00794FB0 /* Frameworks */,
				1B121B5D1D0118DC00794FB0 /* Resources */,
			);
			buildRules = (
			);
			dependencies = (
				1B121B611D0118DC00794FB0 /* PBXTargetDependency */,
			);
			name = sampleActionSheetUITests;
			productName = sampleActionSheetUITests;
			productReference = 1B121B5F1D0118DC00794FB0 /* sampleActionSheetUITests.xctest */;
			productType = "com.apple.product-type.bundle.ui-testing";
		};
/* End PBXNativeTarget section */

/* Begin PBXProject section */
		1B121B381D0118DC00794FB0 /* Project object */ = {
			isa = PBXProject;
			attributes = {
				LastSwiftUpdateCheck = 0720;
				LastUpgradeCheck = 0720;
				ORGANIZATIONNAME = "Eriko Ichinohe";
				TargetAttributes = {
					1B121B3F1D0118DC00794FB0 = {
						CreatedOnToolsVersion = 7.2;
					};
					1B121B531D0118DC00794FB0 = {
						CreatedOnToolsVersion = 7.2;
						TestTargetID = 1B121B3F1D0118DC00794FB0;
					};
					1B121B5E1D0118DC00794FB0 = {
						CreatedOnToolsVersion = 7.2;
						TestTargetID = 1B121B3F1D0118DC00794FB0;
					};
				};
			};
			buildConfigurationList = 1B121B3B1D0118DC00794FB0 /* Build configuration list for PBXProject "sampleActionSheet" */;
			compatibilityVersion = "Xcode 3.2";
			developmentRegion = English;
			hasScannedForEncodings = 0;
			knownRegions = (
				en,
				Base,
			);
			mainGroup = 1B121B371D0118DC00794FB0;
			productRefGroup = 1B121B411D0118DC00794FB0 /* Products */;
			projectDirPath = "";
			projectRoot = "";
			targets = (
				1B121B3F1D0118DC00794FB0 /* sampleActionSheet */,
				1B121B531D0118DC00794FB0 /* sampleActionSheetTests */,
				1B121B5E1D0118DC00794FB0 /* sampleActionSheetUITests */,
			);
		};
/* End PBXProject section */

/* Begin PBXResourcesBuildPhase section */
		1B121B3E1D0118DC00794FB0 /* Resources */ = {
			isa = PBXResourcesBuildPhase;
			buildActionMask = 2147483647;
			files = (
				1B121B4E1D0118DC00794FB0 /* LaunchScreen.storyboard in Resources */,
				1B121B4B1D0118DC00794FB0 /* Assets.xcassets in Resources */,
				1B121B491D0118DC00794FB0 /* Main.storyboard in Resources */,
			);
			runOnlyForDeploymentPostprocessing = 0;
		};
		1B121B521D0118DC00794FB0 /* Resources */ = {
			isa = PBXResourcesBuildPhase;
			buildActionMask = 2147483647;
			files = (
			);
			runOnlyForDeploymentPostprocessing = 0;
		};
		1B121B5D1D0118DC00794FB0 /* Resources */ = {
			isa = PBXResourcesBuildPhase;
			buildActionMask = 2147483647;
			files = (
			);
			runOnlyForDeploymentPostprocessing = 0;
		};
/* End PBXResourcesBuildPhase section */

/* Begin PBXSourcesBuildPhase section */
		1B121B3C1D0118DC00794FB0 /* Sources */ = {
			isa = PBXSourcesBuildPhase;
			buildActionMask = 2147483647;
			files = (
				1B121B461D0118DC00794FB0 /* ViewController.swift in Sources */,
				1B121B441D0118DC00794FB0 /* AppDelegate.swift in Sources */,
			);
			runOnlyForDeploymentPostprocessing = 0;
		};
		1B121B501D0118DC00794FB0 /* Sources */ = {
			isa = PBXSourcesBuildPhase;
			buildActionMask = 2147483647;
			files = (
				1B121B591D0118DC00794FB0 /* sampleActionSheetTests.swift in Sources */,
			);
			runOnlyForDeploymentPostprocessing = 0;
		};
		1B121B5B1D0118DC00794FB0 /* Sources */ = {
			isa = PBXSourcesBuildPhase;
			buildActionMask = 2147483647;
			files = (
				1B121B641D0118DC00794FB0 /* sampleActionSheetUITests.swift in Sources */,
			);
			runOnlyForDeploymentPostprocessing = 0;
		};
/* End PBXSourcesBuildPhase section */

/* Begin PBXTargetDependency section */
		1B121B561D0118DC00794FB0 /* PBXTargetDependency */ = {
			isa = PBXTargetDependency;
			target = 1B121B3F1D0118DC00794FB0 /* sampleActionSheet */;
			targetProxy = 1B121B551D0118DC00794FB0 /* PBXContainerItemProxy */;
		};
		1B121B611D0118DC00794FB0 /* PBXTargetDependency */ = {
			isa = PBXTargetDependency;
			target = 1B121B3F1D0118DC00794FB0 /* sampleActionSheet */;
			targetProxy = 1B121B601D0118DC00794FB0 /* PBXContainerItemProxy */;
		};
/* End PBXTargetDependency section */

/* Begin PBXVariantGroup section */
		1B121B471D0118DC00794FB0 /* Main.storyboard */ = {
			isa = PBXVariantGroup;
			children = (
				1B121B481D0118DC00794FB0 /* Base */,
			);
			name = Main.storyboard;
			sourceTree = "<group>";
		};
		1B121B4C1D0118DC00794FB0 /* LaunchScreen.storyboard */ = {
			isa = PBXVariantGroup;
			children = (
				1B121B4D1D0118DC00794FB0 /* Base */,
			);
			name = LaunchScreen.storyboard;
			sourceTree = "<group>";
		};
/* End PBXVariantGroup section */

/* Begin XCBuildConfiguration section */
		1B121B661D0118DC00794FB0 /* Debug */ = {
			isa = XCBuildConfiguration;
			buildSettings = {
				ALWAYS_SEARCH_USER_PATHS = NO;
				CLANG_CXX_LANGUAGE_STANDARD = "gnu++0x";
				CLANG_CXX_LIBRARY = "libc++";
				CLANG_ENABLE_MODULES = YES;
				CLANG_ENABLE_OBJC_ARC = YES;
				CLANG_WARN_BOOL_CONVERSION = YES;
				CLANG_WARN_CONSTANT_CONVERSION = YES;
				CLANG_WARN_DIRECT_OBJC_ISA_USAGE = YES_ERROR;
				CLANG_WARN_EMPTY_BODY = YES;
				CLANG_WARN_ENUM_CONVERSION = YES;
				CLANG_WARN_INT_CONVERSION = YES;
				CLANG_WARN_OBJC_ROOT_CLASS = YES_ERROR;
				CLANG_WARN_UNREACHABLE_CODE = YES;
				CLANG_WARN__DUPLICATE_METHOD_MATCH = YES;
				"CODE_SIGN_IDENTITY[sdk=iphoneos*]" = "iPhone Developer";
				COPY_PHASE_STRIP = NO;
				DEBUG_INFORMATION_FORMAT = dwarf;
				ENABLE_STRICT_OBJC_MSGSEND = YES;
				ENABLE_TESTABILITY = YES;
				GCC_C_LANGUAGE_STANDARD = gnu99;
				GCC_DYNAMIC_NO_PIC = NO;
				GCC_NO_COMMON_BLOCKS = YES;
				GCC_OPTIMIZATION_LEVEL = 0;
				GCC_PREPROCESSOR_DEFINITIONS = (
					"DEBUG=1",
					"$(inherited)",
				);
				GCC_WARN_64_TO_32_BIT_CONVERSION = YES;
				GCC_WARN_ABOUT_RETURN_TYPE = YES_ERROR;
				GCC_WARN_UNDECLARED_SELECTOR = YES;
				GCC_WARN_UNINITIALIZED_AUTOS = YES_AGGRESSIVE;
				GCC_WARN_UNUSED_FUNCTION = YES;
				GCC_WARN_UNUSED_VARIABLE = YES;
				IPHONEOS_DEPLOYMENT_TARGET = 9.2;
				MTL_ENABLE_DEBUG_INFO = YES;
				ONLY_ACTIVE_ARCH = YES;
				SDKROOT = iphoneos;
				SWIFT_OPTIMIZATION_LEVEL = "-Onone";
			};
			name = Debug;
		};
		1B121B671D0118DC00794FB0 /* Release */ = {
			isa = XCBuildConfiguration;
			buildSettings = {
				ALWAYS_SEARCH_USER_PATHS = NO;
				CLANG_CXX_LANGUAGE_STANDARD = "gnu++0x";
				CLANG_CXX_LIBRARY = "libc++";
				CLANG_ENABLE_MODULES = YES;
				CLANG_ENABLE_OBJC_ARC = YES;
				CLANG_WARN_BOOL_CONVERSION = YES;
				CLANG_WARN_CONSTANT_CONVERSION = YES;
				CLANG_WARN_DIRECT_OBJC_ISA_USAGE = YES_ERROR;
				CLANG_WARN_EMPTY_BODY = YES;
				CLANG_WARN_ENUM_CONVERSION = YES;
				CLANG_WARN_INT_CONVERSION = YES;
				CLANG_WARN_OBJC_ROOT_CLASS = YES_ERROR;
				CLANG_WARN_UNREACHABLE_CODE = YES;
				CLANG_WARN__DUPLICATE_METHOD_MATCH = YES;
				"CODE_SIGN_IDENTITY[sdk=iphoneos*]" = "iPhone Developer";
				COPY_PHASE_STRIP = NO;
				DEBUG_INFORMATION_FORMAT = "dwarf-with-dsym";
				ENABLE_NS_ASSERTIONS = NO;
				ENABLE_STRICT_OBJC_MSGSEND = YES;
				GCC_C_LANGUAGE_STANDARD = gnu99;
				GCC_NO_COMMON_BLOCKS = YES;
				GCC_WARN_64_TO_32_BIT_CONVERSION = YES;
				GCC_WARN_ABOUT_RETURN_TYPE = YES_ERROR;
				GCC_WARN_UNDECLARED_SELECTOR = YES;
				GCC_WARN_UNINITIALIZED_AUTOS = YES_AGGRESSIVE;
				GCC_WARN_UNUSED_FUNCTION = YES;
				GCC_WARN_UNUSED_VARIABLE = YES;
				IPHONEOS_DEPLOYMENT_TARGET = 9.2;
				MTL_ENABLE_DEBUG_INFO = NO;
				SDKROOT = iphoneos;
				VALIDATE_PRODUCT = YES;
			};
			name = Release;
		};
		1B121B691D0118DC00794FB0 /* Debug */ = {
			isa = XCBuildConfiguration;
			buildSettings = {
				ASSETCATALOG_COMPILER_APPICON_NAME = AppIcon;
				INFOPLIST_FILE = sampleActionSheet/Info.plist;
				LD_RUNPATH_SEARCH_PATHS = "$(inherited) @executable_path/Frameworks";
				PRODUCT_BUNDLE_IDENTIFIER = com.erikoichinohe.sampleActionSheet;
				PRODUCT_NAME = "$(TARGET_NAME)";
			};
			name = Debug;
		};
		1B121B6A1D0118DC00794FB0 /* Release */ = {
			isa = XCBuildConfiguration;
			buildSettings = {
				ASSETCATALOG_COMPILER_APPICON_NAME = AppIcon;
				INFOPLIST_FILE = sampleActionSheet/Info.plist;
				LD_RUNPATH_SEARCH_PATHS = "$(inherited) @executable_path/Frameworks";
				PRODUCT_BUNDLE_IDENTIFIER = com.erikoichinohe.sampleActionSheet;
				PRODUCT_NAME = "$(TARGET_NAME)";
			};
			name = Release;
		};
		1B121B6C1D0118DC00794FB0 /* Debug */ = {
			isa = XCBuildConfiguration;
			buildSettings = {
				BUNDLE_LOADER = "$(TEST_HOST)";
				INFOPLIST_FILE = sampleActionSheetTests/Info.plist;
				LD_RUNPATH_SEARCH_PATHS = "$(inherited) @executable_path/Frameworks @loader_path/Frameworks";
				PRODUCT_BUNDLE_IDENTIFIER = com.erikoichinohe.sampleActionSheetTests;
				PRODUCT_NAME = "$(TARGET_NAME)";
				TEST_HOST = "$(BUILT_PRODUCTS_DIR)/sampleActionSheet.app/sampleActionSheet";
			};
			name = Debug;
		};
		1B121B6D1D0118DC00794FB0 /* Release */ = {
			isa = XCBuildConfiguration;
			buildSettings = {
				BUNDLE_LOADER = "$(TEST_HOST)";
				INFOPLIST_FILE = sampleActionSheetTests/Info.plist;
				LD_RUNPATH_SEARCH_PATHS = "$(inherited) @executable_path/Frameworks @loader_path/Frameworks";
				PRODUCT_BUNDLE_IDENTIFIER = com.erikoichinohe.sampleActionSheetTests;
				PRODUCT_NAME = "$(TARGET_NAME)";
				TEST_HOST = "$(BUILT_PRODUCTS_DIR)/sampleActionSheet.app/sampleActionSheet";
			};
			name = Release;
		};
		1B121B6F1D0118DC00794FB0 /* Debug */ = {
			isa = XCBuildConfiguration;
			buildSettings = {
				INFOPLIST_FILE = sampleActionSheetUITests/Info.plist;
				LD_RUNPATH_SEARCH_PATHS = "$(inherited) @executable_path/Frameworks @loader_path/Frameworks";
				PRODUCT_BUNDLE_IDENTIFIER = com.erikoichinohe.sampleActionSheetUITests;
				PRODUCT_NAME = "$(TARGET_NAME)";
				TEST_TARGET_NAME = sampleActionSheet;
				USES_XCTRUNNER = YES;
			};
			name = Debug;
		};
		1B121B701D0118DC00794FB0 /* Release */ = {
			isa = XCBuildConfiguration;
			buildSettings = {
				INFOPLIST_FILE = sampleActionSheetUITests/Info.plist;
				LD_RUNPATH_SEARCH_PATHS = "$(inherited) @executable_path/Frameworks @loader_path/Frameworks";
				PRODUCT_BUNDLE_IDENTIFIER = com.erikoichinohe.sampleActionSheetUITests;
				PRODUCT_NAME = "$(TARGET_NAME)";
				TEST_TARGET_NAME = sampleActionSheet;
				USES_XCTRUNNER = YES;
			};
			name = Release;
		};
/* End XCBuildConfiguration section */

/* Begin XCConfigurationList section */
		1B121B3B1D0118DC00794FB0 /* Build configuration list for PBXProject "sampleActionSheet" */ = {
			isa = XCConfigurationList;
			buildConfigurations = (
				1B121B661D0118DC00794FB0 /* Debug */,
				1B121B671D0118DC00794FB0 /* Release */,
			);
			defaultConfigurationIsVisible = 0;
			defaultConfigurationName = Release;
		};
		1B121B681D0118DC00794FB0 /* Build configuration list for PBXNativeTarget "sampleActionSheet" */ = {
			isa = XCConfigurationList;
			buildConfigurations = (
				1B121B691D0118DC00794FB0 /* Debug */,
				1B121B6A1D0118DC00794FB0 /* Release */,
			);
			defaultConfigurationIsVisible = 0;
		};
		1B121B6B1D0118DC00794FB0 /* Build configuration list for PBXNativeTarget "sampleActionSheetTests" */ = {
			isa = XCConfigurationList;
			buildConfigurations = (
				1B121B6C1D0118DC00794FB0 /* Debug */,
				1B121B6D1D0118DC00794FB0 /* Release */,
			);
			defaultConfigurationIsVisible = 0;
		};
		1B121B6E1D0118DC00794FB0 /* Build configuration list for PBXNativeTarget "sampleActionSheetUITests" */ = {
			isa = XCConfigurationList;
			buildConfigurations = (
				1B121B6F1D0118DC00794FB0 /* Debug */,
				1B121B701D0118DC00794FB0 /* Release */,
			);
			defaultConfigurationIsVisible = 0;
		};
/* End XCConfigurationList section */
	};
	rootObject = 1B121B381D0118DC00794FB0 /* Project object */;
}
